
Microsoft Visual Studio Solution File, Format Version 12.00
# Visual Studio Version 16
VisualStudioVersion = 16.0.32106.194
MinimumVisualStudioVersion = 10.0.40219.1
Project("{FAE04EC0-301F-11D3-BF4B-00C04F79EFBC}") = "API", "API.csproj", "{CE46D431-04D7-4761-9AD3-442E57F3F06F}"
EndProject
Global
	GlobalSection(SolutionConfigurationPlatforms) = preSolution
		Debug|Any CPU = Debug|Any CPU
		Release|Any CPU = Release|Any CPU
	EndGlobalSection
	GlobalSection(ProjectConfigurationPlatforms) = postSolution
		{CE46D431-04D7-4761-9AD3-442E57F3F06F}.Debug|Any CPU.ActiveCfg = Debug|Any CPU
		{CE46D431-04D7-4761-9AD3-442E57F3F06F}.Debug|Any CPU.Build.0 = Debug|Any CPU
		{CE46D431-04D7-4761-9AD3-442E57F3F06F}.Release|Any CPU.ActiveCfg = Release|Any CPU
		{CE46D431-04D7-4761-9AD3-442E57F3F06F}.Release|Any CPU.Build.0 = Release|Any CPU
	EndGlobalSection
	GlobalSection(SolutionProperties) = preSolution
		HideSolutionNode = FALSE
	EndGlobalSection
	GlobalSection(ExtensibilityGlobals) = postSolution
		SolutionGuid = {FC6621AD-307A-4EAE-B8CD-4F01BFF670EC}
	EndGlobalSection
EndGlobal
